
Microsoft Visual Studio Solution File, Format Version 12.00
# Visual Studio Version 16
VisualStudioVersion = 16.0.31702.278
MinimumVisualStudioVersion = 10.0.40219.1
Project("{FAE04EC0-301F-11D3-BF4B-00C04F79EFBC}") = "FilmesAPI", "FilmesAPI\FilmesAPI.csproj", "{2889691D-C132-47BD-B459-890CB46C4D28}"
EndProject
Global
	GlobalSection(SolutionConfigurationPlatforms) = preSolution
		Debug|Any CPU = Debug|Any CPU
		Release|Any CPU = Release|Any CPU
	EndGlobalSection
	GlobalSection(ProjectConfigurationPlatforms) = postSolution
		{2889691D-C132-47BD-B459-890CB46C4D28}.Debug|Any CPU.ActiveCfg = Debug|Any CPU
		{2889691D-C132-47BD-B459-890CB46C4D28}.Debug|Any CPU.Build.0 = Debug|Any CPU
		{2889691D-C132-47BD-B459-890CB46C4D28}.Release|Any CPU.ActiveCfg = Release|Any CPU
		{2889691D-C132-47BD-B459-890CB46C4D28}.Release|Any CPU.Build.0 = Release|Any CPU
	EndGlobalSection
	GlobalSection(SolutionProperties) = preSolution
		HideSolutionNode = FALSE
	EndGlobalSection
	GlobalSection(ExtensibilityGlobals) = postSolution
		SolutionGuid = {4372D4EB-5876-4726-BAF4-D0388F7917F5}
	EndGlobalSection
EndGlobal
